// !$*UTF8*$!
{
	archiveVersion = 1;
	classes = {
	};
	objectVersion = 50;
	objects = {

/* Begin PBXBuildFile section */
		F30F7F6827A1608800CB92BA /* WeatherData.swift in Sources */ = {isa = PBXBuildFile; fileRef = F30F7F6727A1608800CB92BA /* WeatherData.swift */; };
		F30F7F6B27A441B800CB92BA /* WeatherModel.swift in Sources */ = {isa = PBXBuildFile; fileRef = F30F7F6A27A441B800CB92BA /* WeatherModel.swift */; };
		F35165A62786FEB3007DFDFF /* AppDelegate.swift in Sources */ = {isa = PBXBuildFile; fileRef = F35165A52786FEB3007DFDFF /* AppDelegate.swift */; };
		F35165A82786FEB3007DFDFF /* SceneDelegate.swift in Sources */ = {isa = PBXBuildFile; fileRef = F35165A72786FEB3007DFDFF /* SceneDelegate.swift */; };
		F35165AA2786FEB3007DFDFF /* WeatherViewController.swift in Sources */ = {isa = PBXBuildFile; fileRef = F35165A92786FEB3007DFDFF /* WeatherViewController.swift */; };
		F35165AD2786FEB3007DFDFF /* Main.storyboard in Resources */ = {isa = PBXBuildFile; fileRef = F35165AB2786FEB3007DFDFF /* Main.storyboard */; };
		F35165AF2786FEB7007DFDFF /* Assets.xcassets in Resources */ = {isa = PBXBuildFile; fileRef = F35165AE2786FEB7007DFDFF /* Assets.xcassets */; };
		F35165B22786FEB7007DFDFF /* LaunchScreen.storyboard in Resources */ = {isa = PBXBuildFile; fileRef = F35165B02786FEB7007DFDFF /* LaunchScreen.storyboard */; };
		F364BBEC279C599F005CC440 /* WeatherManager.swift in Sources */ = {isa = PBXBuildFile; fileRef = F364BBEB279C599F005CC440 /* WeatherManager.swift */; };
/* End PBXBuildFile section */

/* Begin PBXFileReference section */
		F30F7F6727A1608800CB92BA /* WeatherData.swift */ = {isa = PBXFileReference; lastKnownFileType = sourcecode.swift; path = WeatherData.swift; sourceTree = "<group>"; };
		F30F7F6A27A441B800CB92BA /* WeatherModel.swift */ = {isa = PBXFileReference; lastKnownFileType = sourcecode.swift; path = WeatherModel.swift; sourceTree = "<group>"; };
		F35165A22786FEB3007DFDFF /* WeatherApp.app */ = {isa = PBXFileReference; explicitFileType = wrapper.application; includeInIndex = 0; path = WeatherApp.app; sourceTree = BUILT_PRODUCTS_DIR; };
		F35165A52786FEB3007DFDFF /* AppDelegate.swift */ = {isa = PBXFileReference; lastKnownFileType = sourcecode.swift; path = AppDelegate.swift; sourceTree = "<group>"; };
		F35165A72786FEB3007DFDFF /* SceneDelegate.swift */ = {isa = PBXFileReference; lastKnownFileType = sourcecode.swift; path = SceneDelegate.swift; sourceTree = "<group>"; };
		F35165A92786FEB3007DFDFF /* WeatherViewController.swift */ = {isa = PBXFileReference; lastKnownFileType = sourcecode.swift; path = WeatherViewController.swift; sourceTree = "<group>"; };
		F35165AC2786FEB3007DFDFF /* Base */ = {isa = PBXFileReference; lastKnownFileType = file.storyboard; name = Base; path = Base.lproj/Main.storyboard; sourceTree = "<group>"; };
		F35165AE2786FEB7007DFDFF /* Assets.xcassets */ = {isa = PBXFileReference; lastKnownFileType = folder.assetcatalog; path = Assets.xcassets; sourceTree = "<group>"; };
		F35165B12786FEB7007DFDFF /* Base */ = {isa = PBXFileReference; lastKnownFileType = file.storyboard; name = Base; path = Base.lproj/LaunchScreen.storyboard; sourceTree = "<group>"; };
		F35165B32786FEB7007DFDFF /* Info.plist */ = {isa = PBXFileReference; lastKnownFileType = text.plist.xml; path = Info.plist; sourceTree = "<group>"; };
		F364BBEB279C599F005CC440 /* WeatherManager.swift */ = {isa = PBXFileReference; lastKnownFileType = sourcecode.swift; path = WeatherManager.swift; sourceTree = "<group>"; };
/* End PBXFileReference section */

/* Begin PBXFrameworksBuildPhase section */
		F351659F2786FEB3007DFDFF /* Frameworks */ = {
			isa = PBXFrameworksBuildPhase;
			buildActionMask = 2147483647;
			files = (
			);
			runOnlyForDeploymentPostprocessing = 0;
		};
/* End PBXFrameworksBuildPhase section */

/* Begin PBXGroup section */
		F35165992786FEB3007DFDFF = {
			isa = PBXGroup;
			children = (
				F35165A42786FEB3007DFDFF /* WeatherApp */,
				F35165A32786FEB3007DFDFF /* Products */,
			);
			sourceTree = "<group>";
		};
		F35165A32786FEB3007DFDFF /* Products */ = {
			isa = PBXGroup;
			children = (
				F35165A22786FEB3007DFDFF /* WeatherApp.app */,
			);
			name = Products;
			sourceTree = "<group>";
		};
		F35165A42786FEB3007DFDFF /* WeatherApp */ = {
			isa = PBXGroup;
			children = (
				F35165BA2787074C007DFDFF /* Model */,
				F35165BB27870754007DFDFF /* View */,
				F35165BC2787075C007DFDFF /* Controller */,
				F35165A52786FEB3007DFDFF /* AppDelegate.swift */,
				F35165A72786FEB3007DFDFF /* SceneDelegate.swift */,
				F35165AE2786FEB7007DFDFF /* Assets.xcassets */,
				F35165B02786FEB7007DFDFF /* LaunchScreen.storyboard */,
				F35165B32786FEB7007DFDFF /* Info.plist */,
			);
			path = WeatherApp;
			sourceTree = "<group>";
		};
		F35165BA2787074C007DFDFF /* Model */ = {
			isa = PBXGroup;
			children = (
				F364BBEB279C599F005CC440 /* WeatherManager.swift */,
				F30F7F6727A1608800CB92BA /* WeatherData.swift */,
				F30F7F6A27A441B800CB92BA /* WeatherModel.swift */,
			);
			path = Model;
			sourceTree = "<group>";
		};
		F35165BB27870754007DFDFF /* View */ = {
			isa = PBXGroup;
			children = (
				F35165AB2786FEB3007DFDFF /* Main.storyboard */,
			);
			path = View;
			sourceTree = "<group>";
		};
		F35165BC2787075C007DFDFF /* Controller */ = {
			isa = PBXGroup;
			children = (
				F35165A92786FEB3007DFDFF /* WeatherViewController.swift */,
			);
			path = Controller;
			sourceTree = "<group>";
		};
/* End PBXGroup section */

/* Begin PBXNativeTarget section */
		F35165A12786FEB3007DFDFF /* WeatherApp */ = {
			isa = PBXNativeTarget;
			buildConfigurationList = F35165B62786FEB7007DFDFF /* Build configuration list for PBXNativeTarget "WeatherApp" */;
			buildPhases = (
				F351659E2786FEB3007DFDFF /* Sources */,
				F351659F2786FEB3007DFDFF /* Frameworks */,
				F35165A02786FEB3007DFDFF /* Resources */,
			);
			buildRules = (
			);
			dependencies = (
			);
			name = WeatherApp;
			productName = WeatherApp;
			productReference = F35165A22786FEB3007DFDFF /* WeatherApp.app */;
			productType = "com.apple.product-type.application";
		};
/* End PBXNativeTarget section */

/* Begin PBXProject section */
		F351659A2786FEB3007DFDFF /* Project object */ = {
			isa = PBXProject;
			attributes = {
				LastSwiftUpdateCheck = 1240;
				LastUpgradeCheck = 1240;
				TargetAttributes = {
					F35165A12786FEB3007DFDFF = {
						CreatedOnToolsVersion = 12.4;
					};
				};
			};
			buildConfigurationList = F351659D2786FEB3007DFDFF /* Build configuration list for PBXProject "WeatherApp" */;
			compatibilityVersion = "Xcode 9.3";
			developmentRegion = en;
			hasScannedForEncodings = 0;
			knownRegions = (
				en,
				Base,
			);
			mainGroup = F35165992786FEB3007DFDFF;
			productRefGroup = F35165A32786FEB3007DFDFF /* Products */;
			projectDirPath = "";
			projectRoot = "";
			targets = (
				F35165A12786FEB3007DFDFF /* WeatherApp */,
			);
		};
/* End PBXProject section */

/* Begin PBXResourcesBuildPhase section */
		F35165A02786FEB3007DFDFF /* Resources */ = {
			isa = PBXResourcesBuildPhase;
			buildActionMask = 2147483647;
			files = (
				F35165B22786FEB7007DFDFF /* LaunchScreen.storyboard in Resources */,
				F35165AF2786FEB7007DFDFF /* Assets.xcassets in Resources */,
				F35165AD2786FEB3007DFDFF /* Main.storyboard in Resources */,
			);
			runOnlyForDeploymentPostprocessing = 0;
		};
/* End PBXResourcesBuildPhase section */

/* Begin PBXSourcesBuildPhase section */
		F351659E2786FEB3007DFDFF /* Sources */ = {
			isa = PBXSourcesBuildPhase;
			buildActionMask = 2147483647;
			files = (
				F35165AA2786FEB3007DFDFF /* WeatherViewController.swift in Sources */,
				F30F7F6827A1608800CB92BA /* WeatherData.swift in Sources */,
				F35165A62786FEB3007DFDFF /* AppDelegate.swift in Sources */,
				F364BBEC279C599F005CC440 /* WeatherManager.swift in Sources */,
				F30F7F6B27A441B800CB92BA /* WeatherModel.swift in Sources */,
				F35165A82786FEB3007DFDFF /* SceneDelegate.swift in Sources */,
			);
			runOnlyForDeploymentPostprocessing = 0;
		};
/* End PBXSourcesBuildPhase section */

/* Begin PBXVariantGroup section */
		F35165AB2786FEB3007DFDFF /* Main.storyboard */ = {
			isa = PBXVariantGroup;
			children = (
				F35165AC2786FEB3007DFDFF /* Base */,
			);
			name = Main.storyboard;
			sourceTree = "<group>";
		};
		F35165B02786FEB7007DFDFF /* LaunchScreen.storyboard */ = {
			isa = PBXVariantGroup;
			children = (
				F35165B12786FEB7007DFDFF /* Base */,
			);
			name = LaunchScreen.storyboard;
			sourceTree = "<group>";
		};
/* End PBXVariantGroup section */

/* Begin XCBuildConfiguration section */
		F35165B42786FEB7007DFDFF /* Debug */ = {
			isa = XCBuildConfiguration;
			buildSettings = {
				ALWAYS_SEARCH_USER_PATHS = NO;
				CLANG_ANALYZER_NONNULL = YES;
				CLANG_ANALYZER_NUMBER_OBJECT_CONVERSION = YES_AGGRESSIVE;
				CLANG_CXX_LANGUAGE_STANDARD = "gnu++14";
				CLANG_CXX_LIBRARY = "libc++";
				CLANG_ENABLE_MODULES = YES;
				CLANG_ENABLE_OBJC_ARC = YES;
				CLANG_ENABLE_OBJC_WEAK = YES;
				CLANG_WARN_BLOCK_CAPTURE_AUTORELEASING = YES;
				CLANG_WARN_BOOL_CONVERSION = YES;
				CLANG_WARN_COMMA = YES;
				CLANG_WARN_CONSTANT_CONVERSION = YES;
				CLANG_WARN_DEPRECATED_OBJC_IMPLEMENTATIONS = YES;
				CLANG_WARN_DIRECT_OBJC_ISA_USAGE = YES_ERROR;
				CLANG_WARN_DOCUMENTATION_COMMENTS = YES;
				CLANG_WARN_EMPTY_BODY = YES;
				CLANG_WARN_ENUM_CONVERSION = YES;
				CLANG_WARN_INFINITE_RECURSION = YES;
				CLANG_WARN_INT_CONVERSION = YES;
				CLANG_WARN_NON_LITERAL_NULL_CONVERSION = YES;
				CLANG_WARN_OBJC_IMPLICIT_RETAIN_SELF = YES;
				CLANG_WARN_OBJC_LITERAL_CONVERSION = YES;
				CLANG_WARN_OBJC_ROOT_CLASS = YES_ERROR;
				CLANG_WARN_QUOTED_INCLUDE_IN_FRAMEWORK_HEADER = YES;
				CLANG_WARN_RANGE_LOOP_ANALYSIS = YES;
				CLANG_WARN_STRICT_PROTOTYPES = YES;
				CLANG_WARN_SUSPICIOUS_MOVE = YES;
				CLANG_WARN_UNGUARDED_AVAILABILITY = YES_AGGRESSIVE;
				CLANG_WARN_UNREACHABLE_CODE = YES;
				CLANG_WARN__DUPLICATE_METHOD_MATCH = YES;
				COPY_PHASE_STRIP = NO;
				DEBUG_INFORMATION_FORMAT = dwarf;
				ENABLE_STRICT_OBJC_MSGSEND = YES;
				ENABLE_TESTABILITY = YES;
				GCC_C_LANGUAGE_STANDARD = gnu11;
				GCC_DYNAMIC_NO_PIC = NO;
				GCC_NO_COMMON_BLOCKS = YES;
				GCC_OPTIMIZATION_LEVEL = 0;
				GCC_PREPROCESSOR_DEFINITIONS = (
					"DEBUG=1",
					"$(inherited)",
				);
				GCC_WARN_64_TO_32_BIT_CONVERSION = YES;
				GCC_WARN_ABOUT_RETURN_TYPE = YES_ERROR;
				GCC_WARN_UNDECLARED_SELECTOR = YES;
				GCC_WARN_UNINITIALIZED_AUTOS = YES_AGGRESSIVE;
				GCC_WARN_UNUSED_FUNCTION = YES;
				GCC_WARN_UNUSED_VARIABLE = YES;
				IPHONEOS_DEPLOYMENT_TARGET = 14.4;
				MTL_ENABLE_DEBUG_INFO = INCLUDE_SOURCE;
				MTL_FAST_MATH = YES;
				ONLY_ACTIVE_ARCH = YES;
				SDKROOT = iphoneos;
				SWIFT_ACTIVE_COMPILATION_CONDITIONS = DEBUG;
				SWIFT_OPTIMIZATION_LEVEL = "-Onone";
			};
			name = Debug;
		};
		F35165B52786FEB7007DFDFF /* Release */ = {
			isa = XCBuildConfiguration;
			buildSettings = {
				ALWAYS_SEARCH_USER_PATHS = NO;
				CLANG_ANALYZER_NONNULL = YES;
				CLANG_ANALYZER_NUMBER_OBJECT_CONVERSION = YES_AGGRESSIVE;
				CLANG_CXX_LANGUAGE_STANDARD = "gnu++14";
				CLANG_CXX_LIBRARY = "libc++";
				CLANG_ENABLE_MODULES = YES;
				CLANG_ENABLE_OBJC_ARC = YES;
				CLANG_ENABLE_OBJC_WEAK = YES;
				CLANG_WARN_BLOCK_CAPTURE_AUTORELEASING = YES;
				CLANG_WARN_BOOL_CONVERSION = YES;
				CLANG_WARN_COMMA = YES;
				CLANG_WARN_CONSTANT_CONVERSION = YES;
				CLANG_WARN_DEPRECATED_OBJC_IMPLEMENTATIONS = YES;
				CLANG_WARN_DIRECT_OBJC_ISA_USAGE = YES_ERROR;
				CLANG_WARN_DOCUMENTATION_COMMENTS = YES;
				CLANG_WARN_EMPTY_BODY = YES;
				CLANG_WARN_ENUM_CONVERSION = YES;
				CLANG_WARN_INFINITE_RECURSION = YES;
				CLANG_WARN_INT_CONVERSION = YES;
				CLANG_WARN_NON_LITERAL_NULL_CONVERSION = YES;
				CLANG_WARN_OBJC_IMPLICIT_RETAIN_SELF = YES;
				CLANG_WARN_OBJC_LITERAL_CONVERSION = YES;
				CLANG_WARN_OBJC_ROOT_CLASS = YES_ERROR;
				CLANG_WARN_QUOTED_INCLUDE_IN_FRAMEWORK_HEADER = YES;
				CLANG_WARN_RANGE_LOOP_ANALYSIS = YES;
				CLANG_WARN_STRICT_PROTOTYPES = YES;
				CLANG_WARN_SUSPICIOUS_MOVE = YES;
				CLANG_WARN_UNGUARDED_AVAILABILITY = YES_AGGRESSIVE;
				CLANG_WARN_UNREACHABLE_CODE = YES;
				CLANG_WARN__DUPLICATE_METHOD_MATCH = YES;
				COPY_PHASE_STRIP = NO;
				DEBUG_INFORMATION_FORMAT = "dwarf-with-dsym";
				ENABLE_NS_ASSERTIONS = NO;
				ENABLE_STRICT_OBJC_MSGSEND = YES;
				GCC_C_LANGUAGE_STANDARD = gnu11;
				GCC_NO_COMMON_BLOCKS = YES;
				GCC_WARN_64_TO_32_BIT_CONVERSION = YES;
				GCC_WARN_ABOUT_RETURN_TYPE = YES_ERROR;
				GCC_WARN_UNDECLARED_SELECTOR = YES;
				GCC_WARN_UNINITIALIZED_AUTOS = YES_AGGRESSIVE;
				GCC_WARN_UNUSED_FUNCTION = YES;
				GCC_WARN_UNUSED_VARIABLE = YES;
				IPHONEOS_DEPLOYMENT_TARGET = 14.4;
				MTL_ENABLE_DEBUG_INFO = NO;
				MTL_FAST_MATH = YES;
				SDKROOT = iphoneos;
				SWIFT_COMPILATION_MODE = wholemodule;
				SWIFT_OPTIMIZATION_LEVEL = "-O";
				VALIDATE_PRODUCT = YES;
			};
			name = Release;
		};
		F35165B72786FEB7007DFDFF /* Debug */ = {
			isa = XCBuildConfiguration;
			buildSettings = {
				ASSETCATALOG_COMPILER_APPICON_NAME = AppIcon;
				ASSETCATALOG_COMPILER_GLOBAL_ACCENT_COLOR_NAME = AccentColor;
				CODE_SIGN_STYLE = Automatic;
				DEVELOPMENT_TEAM = 7CB7M9962J;
				INFOPLIST_FILE = WeatherApp/Info.plist;
				LD_RUNPATH_SEARCH_PATHS = (
					"$(inherited)",
					"@executable_path/Frameworks",
				);
				PRODUCT_BUNDLE_IDENTIFIER = "Grifon-corporation.WeatherApp";
				PRODUCT_NAME = "$(TARGET_NAME)";
				SWIFT_VERSION = 5.0;
				TARGETED_DEVICE_FAMILY = "1,2";
			};
			name = Debug;
		};
		F35165B82786FEB7007DFDFF /* Release */ = {
			isa = XCBuildConfiguration;
			buildSettings = {
				ASSETCATALOG_COMPILER_APPICON_NAME = AppIcon;
				ASSETCATALOG_COMPILER_GLOBAL_ACCENT_COLOR_NAME = AccentColor;
				CODE_SIGN_STYLE = Automatic;
				DEVELOPMENT_TEAM = 7CB7M9962J;
				INFOPLIST_FILE = WeatherApp/Info.plist;
				LD_RUNPATH_SEARCH_PATHS = (
					"$(inherited)",
					"@executable_path/Frameworks",
				);
				PRODUCT_BUNDLE_IDENTIFIER = "Grifon-corporation.WeatherApp";
				PRODUCT_NAME = "$(TARGET_NAME)";
				SWIFT_VERSION = 5.0;
				TARGETED_DEVICE_FAMILY = "1,2";
			};
			name = Release;
		};
/* End XCBuildConfiguration section */

/* Begin XCConfigurationList section */
		F351659D2786FEB3007DFDFF /* Build configuration list for PBXProject "WeatherApp" */ = {
			isa = XCConfigurationList;
			buildConfigurations = (
				F35165B42786FEB7007DFDFF /* Debug */,
				F35165B52786FEB7007DFDFF /* Release */,
			);
			defaultConfigurationIsVisible = 0;
			defaultConfigurationName = Release;
		};
		F35165B62786FEB7007DFDFF /* Build configuration list for PBXNativeTarget "WeatherApp" */ = {
			isa = XCConfigurationList;
			buildConfigurations = (
				F35165B72786FEB7007DFDFF /* Debug */,
				F35165B82786FEB7007DFDFF /* Release */,
			);
			defaultConfigurationIsVisible = 0;
			defaultConfigurationName = Release;
		};
/* End XCConfigurationList section */
	};
	rootObject = F351659A2786FEB3007DFDFF /* Project object */;
}
